{
  "requires": true,
  "lockfileVersion": 1,
  "dependencies": {
    "titbit": {
      "version": "4.1.3",
      "resolved": "https://registry.npmjs.org/titbit/-/titbit-4.1.3.tgz",
      "integrity": "sha512-l45ydGNYCG/jhWdH2KC5O2kAOpHC1UZ0nE8LMajoZ3gnsEYxqbtWrYWLKyaqY7tnpjVCh/kBtd3Zz66CMIfYoQ=="
    }
  }
}
